
Microsoft Visual Studio Solution File, Format Version 12.00
# Visual Studio Version 17
VisualStudioVersion = 17.5.33530.505
MinimumVisualStudioVersion = 10.0.40219.1
Project("{FAE04EC0-301F-11D3-BF4B-00C04F79EFBC}") = "practice2", "practice2.csproj", "{962BC8FF-E35D-41D5-9F86-93128674F2EF}"
EndProject
Global
	GlobalSection(SolutionConfigurationPlatforms) = preSolution
		Debug|Any CPU = Debug|Any CPU
		Release|Any CPU = Release|Any CPU
	EndGlobalSection
	GlobalSection(ProjectConfigurationPlatforms) = postSolution
		{962BC8FF-E35D-41D5-9F86-93128674F2EF}.Debug|Any CPU.ActiveCfg = Debug|Any CPU
		{962BC8FF-E35D-41D5-9F86-93128674F2EF}.Debug|Any CPU.Build.0 = Debug|Any CPU
		{962BC8FF-E35D-41D5-9F86-93128674F2EF}.Release|Any CPU.ActiveCfg = Release|Any CPU
		{962BC8FF-E35D-41D5-9F86-93128674F2EF}.Release|Any CPU.Build.0 = Release|Any CPU
	EndGlobalSection
	GlobalSection(SolutionProperties) = preSolution
		HideSolutionNode = FALSE
	EndGlobalSection
	GlobalSection(ExtensibilityGlobals) = postSolution
		SolutionGuid = {F64A5017-C179-4015-83AC-C48E339CFD8E}
	EndGlobalSection
EndGlobal
